
Microsoft Visual Studio Solution File, Format Version 12.00
# Visual Studio Version 17
VisualStudioVersion = 17.10.34928.147
MinimumVisualStudioVersion = 10.0.40219.1
Project("{8BC9CEB8-8B4A-11D0-8D11-00A0C91BC942}") = "PaintMFC", "PaintMFC\PaintMFC.vcxproj", "{CA08CD02-410D-4CF7-BD76-79F4CA95A9D5}"
EndProject
Project("{8BC9CEB8-8B4A-11D0-8D11-00A0C91BC942}") = "CirclePlugin", "CirclePlugin\CirclePlugin.vcxproj", "{60DEA808-251F-46E0-914E-F8CD61B2CBD9}"
EndProject
Project("{8BC9CEB8-8B4A-11D0-8D11-00A0C91BC942}") = "RectanglePlugin", "RectanglePlugin\RectanglePlugin.vcxproj", "{A36604BA-7E23-48D2-9C28-B2DDD420EA24}"
EndProject
Project("{8BC9CEB8-8B4A-11D0-8D11-00A0C91BC942}") = "TrianglePlugin", "TrianglePlugin\TrianglePlugin.vcxproj", "{22B72AE0-B2F2-4B52-92E8-D6EA158CCEB7}"
EndProject
Global
	GlobalSection(SolutionConfigurationPlatforms) = preSolution
		Debug|x64 = Debug|x64
		Debug|x86 = Debug|x86
		Release|x64 = Release|x64
		Release|x86 = Release|x86
	EndGlobalSection
	GlobalSection(ProjectConfigurationPlatforms) = postSolution
		{CA08CD02-410D-4CF7-BD76-79F4CA95A9D5}.Debug|x64.ActiveCfg = Debug|x64
		{CA08CD02-410D-4CF7-BD76-79F4CA95A9D5}.Debug|x64.Build.0 = Debug|x64
		{CA08CD02-410D-4CF7-BD76-79F4CA95A9D5}.Debug|x86.ActiveCfg = Debug|Win32
		{CA08CD02-410D-4CF7-BD76-79F4CA95A9D5}.Debug|x86.Build.0 = Debug|Win32
		{CA08CD02-410D-4CF7-BD76-79F4CA95A9D5}.Release|x64.ActiveCfg = Release|x64
		{CA08CD02-410D-4CF7-BD76-79F4CA95A9D5}.Release|x64.Build.0 = Release|x64
		{CA08CD02-410D-4CF7-BD76-79F4CA95A9D5}.Release|x86.ActiveCfg = Release|Win32
		{CA08CD02-410D-4CF7-BD76-79F4CA95A9D5}.Release|x86.Build.0 = Release|Win32
		{60DEA808-251F-46E0-914E-F8CD61B2CBD9}.Debug|x64.ActiveCfg = Debug|x64
		{60DEA808-251F-46E0-914E-F8CD61B2CBD9}.Debug|x64.Build.0 = Debug|x64
		{60DEA808-251F-46E0-914E-F8CD61B2CBD9}.Debug|x86.ActiveCfg = Debug|Win32
		{60DEA808-251F-46E0-914E-F8CD61B2CBD9}.Debug|x86.Build.0 = Debug|Win32
		{60DEA808-251F-46E0-914E-F8CD61B2CBD9}.Release|x64.ActiveCfg = Release|x64
		{60DEA808-251F-46E0-914E-F8CD61B2CBD9}.Release|x64.Build.0 = Release|x64
		{60DEA808-251F-46E0-914E-F8CD61B2CBD9}.Release|x86.ActiveCfg = Release|Win32
		{60DEA808-251F-46E0-914E-F8CD61B2CBD9}.Release|x86.Build.0 = Release|Win32
		{A36604BA-7E23-48D2-9C28-B2DDD420EA24}.Debug|x64.ActiveCfg = Debug|x64
		{A36604BA-7E23-48D2-9C28-B2DDD420EA24}.Debug|x64.Build.0 = Debug|x64
		{A36604BA-7E23-48D2-9C28-B2DDD420EA24}.Debug|x86.ActiveCfg = Debug|Win32
		{A36604BA-7E23-48D2-9C28-B2DDD420EA24}.Debug|x86.Build.0 = Debug|Win32
		{A36604BA-7E23-48D2-9C28-B2DDD420EA24}.Release|x64.ActiveCfg = Release|x64
		{A36604BA-7E23-48D2-9C28-B2DDD420EA24}.Release|x64.Build.0 = Release|x64
		{A36604BA-7E23-48D2-9C28-B2DDD420EA24}.Release|x86.ActiveCfg = Release|Win32
		{A36604BA-7E23-48D2-9C28-B2DDD420EA24}.Release|x86.Build.0 = Release|Win32
		{22B72AE0-B2F2-4B52-92E8-D6EA158CCEB7}.Debug|x64.ActiveCfg = Debug|x64
		{22B72AE0-B2F2-4B52-92E8-D6EA158CCEB7}.Debug|x64.Build.0 = Debug|x64
		{22B72AE0-B2F2-4B52-92E8-D6EA158CCEB7}.Debug|x86.ActiveCfg = Debug|Win32
		{22B72AE0-B2F2-4B52-92E8-D6EA158CCEB7}.Debug|x86.Build.0 = Debug|Win32
		{22B72AE0-B2F2-4B52-92E8-D6EA158CCEB7}.Release|x64.ActiveCfg = Release|x64
		{22B72AE0-B2F2-4B52-92E8-D6EA158CCEB7}.Release|x64.Build.0 = Release|x64
		{22B72AE0-B2F2-4B52-92E8-D6EA158CCEB7}.Release|x86.ActiveCfg = Release|Win32
		{22B72AE0-B2F2-4B52-92E8-D6EA158CCEB7}.Release|x86.Build.0 = Release|Win32
	EndGlobalSection
	GlobalSection(SolutionProperties) = preSolution
		HideSolutionNode = FALSE
	EndGlobalSection
	GlobalSection(ExtensibilityGlobals) = postSolution
		SolutionGuid = {641E04E3-4627-4B37-A953-C7E60C19716F}
	EndGlobalSection
EndGlobal
